
Microsoft Visual Studio Solution File, Format Version 12.00
# Visual Studio Version 17
VisualStudioVersion = 17.8.34525.116
MinimumVisualStudioVersion = 10.0.40219.1
Project("{9A19103F-16F7-4668-BE54-9A1E7A4F7556}") = "TypesAndVariables", "TypesAndVariables\TypesAndVariables.csproj", "{7CAF5327-CB25-49A3-85C4-91D139DB966C}"
EndProject
Project("{9A19103F-16F7-4668-BE54-9A1E7A4F7556}") = "Conditionals", "Conditionals\Conditionals.csproj", "{D9AA5839-D788-4064-9B7F-28B2FCDC2E8F}"
EndProject
Project("{9A19103F-16F7-4668-BE54-9A1E7A4F7556}") = "Methods", "Methods\Methods.csproj", "{1FEF6EFD-EA09-4318-80CD-907BD7417A14}"
EndProject
Project("{9A19103F-16F7-4668-BE54-9A1E7A4F7556}") = "Arrays", "Arrays\Arrays.csproj", "{ECEE9211-F6C2-4D97-9F9F-8AC4B57FD5F9}"
EndProject
Project("{9A19103F-16F7-4668-BE54-9A1E7A4F7556}") = "Loops", "Loops\Loops.csproj", "{C9BA7880-09F1-4904-843F-83B0C5F4FD8E}"
EndProject
Project("{9A19103F-16F7-4668-BE54-9A1E7A4F7556}") = "Strings", "Strings\Strings.csproj", "{F968D730-CC8B-428C-AE1D-60DCC8390CBD}"
EndProject
Project("{9A19103F-16F7-4668-BE54-9A1E7A4F7556}") = "Classes", "Classes\Classes.csproj", "{1F8CFC22-980F-41C4-A349-31A7CD1114F5}"
EndProject
Project("{9A19103F-16F7-4668-BE54-9A1E7A4F7556}") = "RecapDemo1", "RecapDemo1\RecapDemo1.csproj", "{9B833E0F-8116-4CD8-B877-CA56EFBAB5D9}"
EndProject
Project("{9A19103F-16F7-4668-BE54-9A1E7A4F7556}") = "Interfaces", "Interfaces\Interfaces.csproj", "{692D2844-DA3E-4ED2-B7D3-ADA1C72DA1E5}"
EndProject
Project("{FAE04EC0-301F-11D3-BF4B-00C04F79EFBC}") = "InterfacesDemo", "InterfacesDemo\InterfacesDemo.csproj", "{D90B6834-CCFF-4C08-935E-65064D6C04B0}"
EndProject
Project("{FAE04EC0-301F-11D3-BF4B-00C04F79EFBC}") = "Inheritance", "Inheritance\Inheritance.csproj", "{B1ACF50D-AD45-41A1-B8C8-35B759F79BB9}"
EndProject
Global
	GlobalSection(SolutionConfigurationPlatforms) = preSolution
		Debug|Any CPU = Debug|Any CPU
		Release|Any CPU = Release|Any CPU
	EndGlobalSection
	GlobalSection(ProjectConfigurationPlatforms) = postSolution
		{7CAF5327-CB25-49A3-85C4-91D139DB966C}.Debug|Any CPU.ActiveCfg = Debug|Any CPU
		{7CAF5327-CB25-49A3-85C4-91D139DB966C}.Debug|Any CPU.Build.0 = Debug|Any CPU
		{7CAF5327-CB25-49A3-85C4-91D139DB966C}.Release|Any CPU.ActiveCfg = Release|Any CPU
		{7CAF5327-CB25-49A3-85C4-91D139DB966C}.Release|Any CPU.Build.0 = Release|Any CPU
		{D9AA5839-D788-4064-9B7F-28B2FCDC2E8F}.Debug|Any CPU.ActiveCfg = Debug|Any CPU
		{D9AA5839-D788-4064-9B7F-28B2FCDC2E8F}.Debug|Any CPU.Build.0 = Debug|Any CPU
		{D9AA5839-D788-4064-9B7F-28B2FCDC2E8F}.Release|Any CPU.ActiveCfg = Release|Any CPU
		{D9AA5839-D788-4064-9B7F-28B2FCDC2E8F}.Release|Any CPU.Build.0 = Release|Any CPU
		{1FEF6EFD-EA09-4318-80CD-907BD7417A14}.Debug|Any CPU.ActiveCfg = Debug|Any CPU
		{1FEF6EFD-EA09-4318-80CD-907BD7417A14}.Debug|Any CPU.Build.0 = Debug|Any CPU
		{1FEF6EFD-EA09-4318-80CD-907BD7417A14}.Release|Any CPU.ActiveCfg = Release|Any CPU
		{1FEF6EFD-EA09-4318-80CD-907BD7417A14}.Release|Any CPU.Build.0 = Release|Any CPU
		{ECEE9211-F6C2-4D97-9F9F-8AC4B57FD5F9}.Debug|Any CPU.ActiveCfg = Debug|Any CPU
		{ECEE9211-F6C2-4D97-9F9F-8AC4B57FD5F9}.Debug|Any CPU.Build.0 = Debug|Any CPU
		{ECEE9211-F6C2-4D97-9F9F-8AC4B57FD5F9}.Release|Any CPU.ActiveCfg = Release|Any CPU
		{ECEE9211-F6C2-4D97-9F9F-8AC4B57FD5F9}.Release|Any CPU.Build.0 = Release|Any CPU
		{C9BA7880-09F1-4904-843F-83B0C5F4FD8E}.Debug|Any CPU.ActiveCfg = Debug|Any CPU
		{C9BA7880-09F1-4904-843F-83B0C5F4FD8E}.Debug|Any CPU.Build.0 = Debug|Any CPU
		{C9BA7880-09F1-4904-843F-83B0C5F4FD8E}.Release|Any CPU.ActiveCfg = Release|Any CPU
		{C9BA7880-09F1-4904-843F-83B0C5F4FD8E}.Release|Any CPU.Build.0 = Release|Any CPU
		{F968D730-CC8B-428C-AE1D-60DCC8390CBD}.Debug|Any CPU.ActiveCfg = Debug|Any CPU
		{F968D730-CC8B-428C-AE1D-60DCC8390CBD}.Debug|Any CPU.Build.0 = Debug|Any CPU
		{F968D730-CC8B-428C-AE1D-60DCC8390CBD}.Release|Any CPU.ActiveCfg = Release|Any CPU
		{F968D730-CC8B-428C-AE1D-60DCC8390CBD}.Release|Any CPU.Build.0 = Release|Any CPU
		{1F8CFC22-980F-41C4-A349-31A7CD1114F5}.Debug|Any CPU.ActiveCfg = Debug|Any CPU
		{1F8CFC22-980F-41C4-A349-31A7CD1114F5}.Debug|Any CPU.Build.0 = Debug|Any CPU
		{1F8CFC22-980F-41C4-A349-31A7CD1114F5}.Release|Any CPU.ActiveCfg = Release|Any CPU
		{1F8CFC22-980F-41C4-A349-31A7CD1114F5}.Release|Any CPU.Build.0 = Release|Any CPU
		{9B833E0F-8116-4CD8-B877-CA56EFBAB5D9}.Debug|Any CPU.ActiveCfg = Debug|Any CPU
		{9B833E0F-8116-4CD8-B877-CA56EFBAB5D9}.Debug|Any CPU.Build.0 = Debug|Any CPU
		{9B833E0F-8116-4CD8-B877-CA56EFBAB5D9}.Release|Any CPU.ActiveCfg = Release|Any CPU
		{9B833E0F-8116-4CD8-B877-CA56EFBAB5D9}.Release|Any CPU.Build.0 = Release|Any CPU
		{692D2844-DA3E-4ED2-B7D3-ADA1C72DA1E5}.Debug|Any CPU.ActiveCfg = Debug|Any CPU
		{692D2844-DA3E-4ED2-B7D3-ADA1C72DA1E5}.Debug|Any CPU.Build.0 = Debug|Any CPU
		{692D2844-DA3E-4ED2-B7D3-ADA1C72DA1E5}.Release|Any CPU.ActiveCfg = Release|Any CPU
		{692D2844-DA3E-4ED2-B7D3-ADA1C72DA1E5}.Release|Any CPU.Build.0 = Release|Any CPU
		{D90B6834-CCFF-4C08-935E-65064D6C04B0}.Debug|Any CPU.ActiveCfg = Debug|Any CPU
		{D90B6834-CCFF-4C08-935E-65064D6C04B0}.Debug|Any CPU.Build.0 = Debug|Any CPU
		{D90B6834-CCFF-4C08-935E-65064D6C04B0}.Release|Any CPU.ActiveCfg = Release|Any CPU
		{D90B6834-CCFF-4C08-935E-65064D6C04B0}.Release|Any CPU.Build.0 = Release|Any CPU
		{B1ACF50D-AD45-41A1-B8C8-35B759F79BB9}.Debug|Any CPU.ActiveCfg = Debug|Any CPU
		{B1ACF50D-AD45-41A1-B8C8-35B759F79BB9}.Debug|Any CPU.Build.0 = Debug|Any CPU
		{B1ACF50D-AD45-41A1-B8C8-35B759F79BB9}.Release|Any CPU.ActiveCfg = Release|Any CPU
		{B1ACF50D-AD45-41A1-B8C8-35B759F79BB9}.Release|Any CPU.Build.0 = Release|Any CPU
	EndGlobalSection
	GlobalSection(SolutionProperties) = preSolution
		HideSolutionNode = FALSE
	EndGlobalSection
	GlobalSection(ExtensibilityGlobals) = postSolution
		SolutionGuid = {8EA3FE2B-F0EB-425D-8DCC-1B01216A2352}
	EndGlobalSection
EndGlobal
